// !$*UTF8*$!
{
	archiveVersion = 1;
	classes = {
	};
	objectVersion = 50;
	objects = {

/* Begin PBXBuildFile section */
		D84DCDA0229E71C6002EC9EC /* UIViewController+Track.m in Sources */ = {isa = PBXBuildFile; fileRef = D84DCD9A229E71C6002EC9EC /* UIViewController+Track.m */; };
		D84DCDA1229E71C6002EC9EC /* NSMutableArray+Safe.m in Sources */ = {isa = PBXBuildFile; fileRef = D84DCD9B229E71C6002EC9EC /* NSMutableArray+Safe.m */; };
		D84DCDA2229E71C6002EC9EC /* NSArray+Safe.m in Sources */ = {isa = PBXBuildFile; fileRef = D84DCD9F229E71C6002EC9EC /* NSArray+Safe.m */; };
		D84DCDA9229E789B002EC9EC /* UIView+Title.m in Sources */ = {isa = PBXBuildFile; fileRef = D84DCDA8229E789B002EC9EC /* UIView+Title.m */; };
		D84DCDAD229E7A2E002EC9EC /* CategroyPropertyController.m in Sources */ = {isa = PBXBuildFile; fileRef = D84DCDAC229E7A2E002EC9EC /* CategroyPropertyController.m */; };
		D84DCDB0229E7A47002EC9EC /* MethodSwizzleController.m in Sources */ = {isa = PBXBuildFile; fileRef = D84DCDAF229E7A47002EC9EC /* MethodSwizzleController.m */; };
		D84DCDB3229E7CED002EC9EC /* BaseViewController.m in Sources */ = {isa = PBXBuildFile; fileRef = D84DCDB2229E7CED002EC9EC /* BaseViewController.m */; };
		D8FDFEC5229D3E8800F6DFC5 /* AppDelegate.m in Sources */ = {isa = PBXBuildFile; fileRef = D8FDFEC4229D3E8800F6DFC5 /* AppDelegate.m */; };
		D8FDFEC8229D3E8800F6DFC5 /* ViewController.m in Sources */ = {isa = PBXBuildFile; fileRef = D8FDFEC7229D3E8800F6DFC5 /* ViewController.m */; };
		D8FDFECB229D3E8800F6DFC5 /* Main.storyboard in Resources */ = {isa = PBXBuildFile; fileRef = D8FDFEC9229D3E8800F6DFC5 /* Main.storyboard */; };
		D8FDFECD229D3E8B00F6DFC5 /* Assets.xcassets in Resources */ = {isa = PBXBuildFile; fileRef = D8FDFECC229D3E8B00F6DFC5 /* Assets.xcassets */; };
		D8FDFED0229D3E8B00F6DFC5 /* LaunchScreen.storyboard in Resources */ = {isa = PBXBuildFile; fileRef = D8FDFECE229D3E8B00F6DFC5 /* LaunchScreen.storyboard */; };
		D8FDFED3229D3E8B00F6DFC5 /* main.m in Sources */ = {isa = PBXBuildFile; fileRef = D8FDFED2229D3E8B00F6DFC5 /* main.m */; };
		D8FDFEDD229D3E8B00F6DFC5 /* RuntimeExampleTests.m in Sources */ = {isa = PBXBuildFile; fileRef = D8FDFEDC229D3E8B00F6DFC5 /* RuntimeExampleTests.m */; };
		D8FDFEE8229D3E8B00F6DFC5 /* RuntimeExampleUITests.m in Sources */ = {isa = PBXBuildFile; fileRef = D8FDFEE7229D3E8B00F6DFC5 /* RuntimeExampleUITests.m */; };
/* End PBXBuildFile section */

/* Begin PBXContainerItemProxy section */
		D8FDFED9229D3E8B00F6DFC5 /* PBXContainerItemProxy */ = {
			isa = PBXContainerItemProxy;
			containerPortal = D8FDFEB8229D3E8700F6DFC5 /* Project object */;
			proxyType = 1;
			remoteGlobalIDString = D8FDFEBF229D3E8700F6DFC5;
			remoteInfo = RuntimeExample;
		};
		D8FDFEE4229D3E8B00F6DFC5 /* PBXContainerItemProxy */ = {
			isa = PBXContainerItemProxy;
			containerPortal = D8FDFEB8229D3E8700F6DFC5 /* Project object */;
			proxyType = 1;
			remoteGlobalIDString = D8FDFEBF229D3E8700F6DFC5;
			remoteInfo = RuntimeExample;
		};
/* End PBXContainerItemProxy section */

/* Begin PBXFileReference section */
		D84DCD9A229E71C6002EC9EC /* UIViewController+Track.m */ = {isa = PBXFileReference; fileEncoding = 4; lastKnownFileType = sourcecode.c.objc; path = "UIViewController+Track.m"; sourceTree = "<group>"; };
		D84DCD9B229E71C6002EC9EC /* NSMutableArray+Safe.m */ = {isa = PBXFileReference; fileEncoding = 4; lastKnownFileType = sourcecode.c.objc; path = "NSMutableArray+Safe.m"; sourceTree = "<group>"; };
		D84DCD9C229E71C6002EC9EC /* NSArray+Safe.h */ = {isa = PBXFileReference; fileEncoding = 4; lastKnownFileType = sourcecode.c.h; path = "NSArray+Safe.h"; sourceTree = "<group>"; };
		D84DCD9D229E71C6002EC9EC /* NSMutableArray+Safe.h */ = {isa = PBXFileReference; fileEncoding = 4; lastKnownFileType = sourcecode.c.h; path = "NSMutableArray+Safe.h"; sourceTree = "<group>"; };
		D84DCD9E229E71C6002EC9EC /* UIViewController+Track.h */ = {isa = PBXFileReference; fileEncoding = 4; lastKnownFileType = sourcecode.c.h; path = "UIViewController+Track.h"; sourceTree = "<group>"; };
		D84DCD9F229E71C6002EC9EC /* NSArray+Safe.m */ = {isa = PBXFileReference; fileEncoding = 4; lastKnownFileType = sourcecode.c.objc; path = "NSArray+Safe.m"; sourceTree = "<group>"; };
		D84DCDA7229E789B002EC9EC /* UIView+Title.h */ = {isa = PBXFileReference; lastKnownFileType = sourcecode.c.h; path = "UIView+Title.h"; sourceTree = "<group>"; };
		D84DCDA8229E789B002EC9EC /* UIView+Title.m */ = {isa = PBXFileReference; lastKnownFileType = sourcecode.c.objc; path = "UIView+Title.m"; sourceTree = "<group>"; };
		D84DCDAB229E7A2E002EC9EC /* CategroyPropertyController.h */ = {isa = PBXFileReference; lastKnownFileType = sourcecode.c.h; path = CategroyPropertyController.h; sourceTree = "<group>"; };
		D84DCDAC229E7A2E002EC9EC /* CategroyPropertyController.m */ = {isa = PBXFileReference; lastKnownFileType = sourcecode.c.objc; path = CategroyPropertyController.m; sourceTree = "<group>"; };
		D84DCDAE229E7A47002EC9EC /* MethodSwizzleController.h */ = {isa = PBXFileReference; lastKnownFileType = sourcecode.c.h; path = MethodSwizzleController.h; sourceTree = "<group>"; };
		D84DCDAF229E7A47002EC9EC /* MethodSwizzleController.m */ = {isa = PBXFileReference; lastKnownFileType = sourcecode.c.objc; path = MethodSwizzleController.m; sourceTree = "<group>"; };
		D84DCDB1229E7CED002EC9EC /* BaseViewController.h */ = {isa = PBXFileReference; lastKnownFileType = sourcecode.c.h; path = BaseViewController.h; sourceTree = "<group>"; };
		D84DCDB2229E7CED002EC9EC /* BaseViewController.m */ = {isa = PBXFileReference; lastKnownFileType = sourcecode.c.objc; path = BaseViewController.m; sourceTree = "<group>"; };
		D8FDFEC0229D3E8800F6DFC5 /* RuntimeExample.app */ = {isa = PBXFileReference; explicitFileType = wrapper.application; includeInIndex = 0; path = RuntimeExample.app; sourceTree = BUILT_PRODUCTS_DIR; };
		D8FDFEC3229D3E8800F6DFC5 /* AppDelegate.h */ = {isa = PBXFileReference; lastKnownFileType = sourcecode.c.h; path = AppDelegate.h; sourceTree = "<group>"; };
		D8FDFEC4229D3E8800F6DFC5 /* AppDelegate.m */ = {isa = PBXFileReference; lastKnownFileType = sourcecode.c.objc; path = AppDelegate.m; sourceTree = "<group>"; };
		D8FDFEC6229D3E8800F6DFC5 /* ViewController.h */ = {isa = PBXFileReference; lastKnownFileType = sourcecode.c.h; path = ViewController.h; sourceTree = "<group>"; };
		D8FDFEC7229D3E8800F6DFC5 /* ViewController.m */ = {isa = PBXFileReference; lastKnownFileType = sourcecode.c.objc; path = ViewController.m; sourceTree = "<group>"; };
		D8FDFECA229D3E8800F6DFC5 /* Base */ = {isa = PBXFileReference; lastKnownFileType = file.storyboard; name = Base; path = Base.lproj/Main.storyboard; sourceTree = "<group>"; };
		D8FDFECC229D3E8B00F6DFC5 /* Assets.xcassets */ = {isa = PBXFileReference; lastKnownFileType = folder.assetcatalog; path = Assets.xcassets; sourceTree = "<group>"; };
		D8FDFECF229D3E8B00F6DFC5 /* Base */ = {isa = PBXFileReference; lastKnownFileType = file.storyboard; name = Base; path = Base.lproj/LaunchScreen.storyboard; sourceTree = "<group>"; };
		D8FDFED1229D3E8B00F6DFC5 /* Info.plist */ = {isa = PBXFileReference; lastKnownFileType = text.plist.xml; path = Info.plist; sourceTree = "<group>"; };
		D8FDFED2229D3E8B00F6DFC5 /* main.m */ = {isa = PBXFileReference; lastKnownFileType = sourcecode.c.objc; path = main.m; sourceTree = "<group>"; };
		D8FDFED8229D3E8B00F6DFC5 /* RuntimeExampleTests.xctest */ = {isa = PBXFileReference; explicitFileType = wrapper.cfbundle; includeInIndex = 0; path = RuntimeExampleTests.xctest; sourceTree = BUILT_PRODUCTS_DIR; };
		D8FDFEDC229D3E8B00F6DFC5 /* RuntimeExampleTests.m */ = {isa = PBXFileReference; lastKnownFileType = sourcecode.c.objc; path = RuntimeExampleTests.m; sourceTree = "<group>"; };
		D8FDFEDE229D3E8B00F6DFC5 /* Info.plist */ = {isa = PBXFileReference; lastKnownFileType = text.plist.xml; path = Info.plist; sourceTree = "<group>"; };
		D8FDFEE3229D3E8B00F6DFC5 /* RuntimeExampleUITests.xctest */ = {isa = PBXFileReference; explicitFileType = wrapper.cfbundle; includeInIndex = 0; path = RuntimeExampleUITests.xctest; sourceTree = BUILT_PRODUCTS_DIR; };
		D8FDFEE7229D3E8B00F6DFC5 /* RuntimeExampleUITests.m */ = {isa = PBXFileReference; lastKnownFileType = sourcecode.c.objc; path = RuntimeExampleUITests.m; sourceTree = "<group>"; };
		D8FDFEE9229D3E8B00F6DFC5 /* Info.plist */ = {isa = PBXFileReference; lastKnownFileType = text.plist.xml; path = Info.plist; sourceTree = "<group>"; };
/* End PBXFileReference section */

/* Begin PBXFrameworksBuildPhase section */
		D8FDFEBD229D3E8700F6DFC5 /* Frameworks */ = {
			isa = PBXFrameworksBuildPhase;
			buildActionMask = 2147483647;
			files = (
			);
			runOnlyForDeploymentPostprocessing = 0;
		};
		D8FDFED5229D3E8B00F6DFC5 /* Frameworks */ = {
			isa = PBXFrameworksBuildPhase;
			buildActionMask = 2147483647;
			files = (
			);
			runOnlyForDeploymentPostprocessing = 0;
		};
		D8FDFEE0229D3E8B00F6DFC5 /* Frameworks */ = {
			isa = PBXFrameworksBuildPhase;
			buildActionMask = 2147483647;
			files = (
			);
			runOnlyForDeploymentPostprocessing = 0;
		};
/* End PBXFrameworksBuildPhase section */

/* Begin PBXGroup section */
		D84DCD99229E71C6002EC9EC /* MethodSwizzle */ = {
			isa = PBXGroup;
			children = (
				D84DCD9C229E71C6002EC9EC /* NSArray+Safe.h */,
				D84DCD9F229E71C6002EC9EC /* NSArray+Safe.m */,
				D84DCD9D229E71C6002EC9EC /* NSMutableArray+Safe.h */,
				D84DCD9B229E71C6002EC9EC /* NSMutableArray+Safe.m */,
				D84DCD9E229E71C6002EC9EC /* UIViewController+Track.h */,
				D84DCD9A229E71C6002EC9EC /* UIViewController+Track.m */,
			);
			path = MethodSwizzle;
			sourceTree = "<group>";
		};
		D84DCDA3229E71FF002EC9EC /* CategroyProperty */ = {
			isa = PBXGroup;
			children = (
				D84DCDA7229E789B002EC9EC /* UIView+Title.h */,
				D84DCDA8229E789B002EC9EC /* UIView+Title.m */,
			);
			path = CategroyProperty;
			sourceTree = "<group>";
		};
		D84DCDAA229E7A05002EC9EC /* Controller */ = {
			isa = PBXGroup;
			children = (
				D84DCDB1229E7CED002EC9EC /* BaseViewController.h */,
				D84DCDB2229E7CED002EC9EC /* BaseViewController.m */,
				D84DCDAB229E7A2E002EC9EC /* CategroyPropertyController.h */,
				D84DCDAC229E7A2E002EC9EC /* CategroyPropertyController.m */,
				D84DCDAE229E7A47002EC9EC /* MethodSwizzleController.h */,
				D84DCDAF229E7A47002EC9EC /* MethodSwizzleController.m */,
			);
			path = Controller;
			sourceTree = "<group>";
		};
		D8FDFEB7229D3E8700F6DFC5 = {
			isa = PBXGroup;
			children = (
				D8FDFEC2229D3E8800F6DFC5 /* RuntimeExample */,
				D8FDFEDB229D3E8B00F6DFC5 /* RuntimeExampleTests */,
				D8FDFEE6229D3E8B00F6DFC5 /* RuntimeExampleUITests */,
				D8FDFEC1229D3E8800F6DFC5 /* Products */,
			);
			sourceTree = "<group>";
		};
		D8FDFEC1229D3E8800F6DFC5 /* Products */ = {
			isa = PBXGroup;
			children = (
				D8FDFEC0229D3E8800F6DFC5 /* RuntimeExample.app */,
				D8FDFED8229D3E8B00F6DFC5 /* RuntimeExampleTests.xctest */,
				D8FDFEE3229D3E8B00F6DFC5 /* RuntimeExampleUITests.xctest */,
			);
			name = Products;
			sourceTree = "<group>";
		};
		D8FDFEC2229D3E8800F6DFC5 /* RuntimeExample */ = {
			isa = PBXGroup;
			children = (
				D8FDFEF5229D477A00F6DFC5 /* Example */,
				D84DCDAA229E7A05002EC9EC /* Controller */,
				D8FDFEC3229D3E8800F6DFC5 /* AppDelegate.h */,
				D8FDFEC4229D3E8800F6DFC5 /* AppDelegate.m */,
				D8FDFEC6229D3E8800F6DFC5 /* ViewController.h */,
				D8FDFEC7229D3E8800F6DFC5 /* ViewController.m */,
				D8FDFEC9229D3E8800F6DFC5 /* Main.storyboard */,
				D8FDFECC229D3E8B00F6DFC5 /* Assets.xcassets */,
				D8FDFECE229D3E8B00F6DFC5 /* LaunchScreen.storyboard */,
				D8FDFED1229D3E8B00F6DFC5 /* Info.plist */,
				D8FDFED2229D3E8B00F6DFC5 /* main.m */,
			);
			path = RuntimeExample;
			sourceTree = "<group>";
		};
		D8FDFEDB229D3E8B00F6DFC5 /* RuntimeExampleTests */ = {
			isa = PBXGroup;
			children = (
				D8FDFEDC229D3E8B00F6DFC5 /* RuntimeExampleTests.m */,
				D8FDFEDE229D3E8B00F6DFC5 /* Info.plist */,
			);
			path = RuntimeExampleTests;
			sourceTree = "<group>";
		};
		D8FDFEE6229D3E8B00F6DFC5 /* RuntimeExampleUITests */ = {
			isa = PBXGroup;
			children = (
				D8FDFEE7229D3E8B00F6DFC5 /* RuntimeExampleUITests.m */,
				D8FDFEE9229D3E8B00F6DFC5 /* Info.plist */,
			);
			path = RuntimeExampleUITests;
			sourceTree = "<group>";
		};
		D8FDFEF5229D477A00F6DFC5 /* Example */ = {
			isa = PBXGroup;
			children = (
				D84DCDA3229E71FF002EC9EC /* CategroyProperty */,
				D84DCD99229E71C6002EC9EC /* MethodSwizzle */,
			);
			path = Example;
			sourceTree = "<group>";
		};
/* End PBXGroup section */

/* Begin PBXNativeTarget section */
		D8FDFEBF229D3E8700F6DFC5 /* RuntimeExample */ = {
			isa = PBXNativeTarget;
			buildConfigurationList = D8FDFEEC229D3E8B00F6DFC5 /* Build configuration list for PBXNativeTarget "RuntimeExample" */;
			buildPhases = (
				D8FDFEBC229D3E8700F6DFC5 /* Sources */,
				D8FDFEBD229D3E8700F6DFC5 /* Frameworks */,
				D8FDFEBE229D3E8700F6DFC5 /* Resources */,
			);
			buildRules = (
			);
			dependencies = (
			);
			name = RuntimeExample;
			productName = RuntimeExample;
			productReference = D8FDFEC0229D3E8800F6DFC5 /* RuntimeExample.app */;
			productType = "com.apple.product-type.application";
		};
		D8FDFED7229D3E8B00F6DFC5 /* RuntimeExampleTests */ = {
			isa = PBXNativeTarget;
			buildConfigurationList = D8FDFEEF229D3E8B00F6DFC5 /* Build configuration list for PBXNativeTarget "RuntimeExampleTests" */;
			buildPhases = (
				D8FDFED4229D3E8B00F6DFC5 /* Sources */,
				D8FDFED5229D3E8B00F6DFC5 /* Frameworks */,
				D8FDFED6229D3E8B00F6DFC5 /* Resources */,
			);
			buildRules = (
			);
			dependencies = (
				D8FDFEDA229D3E8B00F6DFC5 /* PBXTargetDependency */,
			);
			name = RuntimeExampleTests;
			productName = RuntimeExampleTests;
			productReference = D8FDFED8229D3E8B00F6DFC5 /* RuntimeExampleTests.xctest */;
			productType = "com.apple.product-type.bundle.unit-test";
		};
		D8FDFEE2229D3E8B00F6DFC5 /* RuntimeExampleUITests */ = {
			isa = PBXNativeTarget;
			buildConfigurationList = D8FDFEF2229D3E8B00F6DFC5 /* Build configuration list for PBXNativeTarget "RuntimeExampleUITests" */;
			buildPhases = (
				D8FDFEDF229D3E8B00F6DFC5 /* Sources */,
				D8FDFEE0229D3E8B00F6DFC5 /* Frameworks */,
				D8FDFEE1229D3E8B00F6DFC5 /* Resources */,
			);
			buildRules = (
			);
			dependencies = (
				D8FDFEE5229D3E8B00F6DFC5 /* PBXTargetDependency */,
			);
			name = RuntimeExampleUITests;
			productName = RuntimeExampleUITests;
			productReference = D8FDFEE3229D3E8B00F6DFC5 /* RuntimeExampleUITests.xctest */;
			productType = "com.apple.product-type.bundle.ui-testing";
		};
/* End PBXNativeTarget section */

/* Begin PBXProject section */
		D8FDFEB8229D3E8700F6DFC5 /* Project object */ = {
			isa = PBXProject;
			attributes = {
				LastUpgradeCheck = 1010;
				ORGANIZATIONNAME = tony;
				TargetAttributes = {
					D8FDFEBF229D3E8700F6DFC5 = {
						CreatedOnToolsVersion = 10.1;
					};
					D8FDFED7229D3E8B00F6DFC5 = {
						CreatedOnToolsVersion = 10.1;
						TestTargetID = D8FDFEBF229D3E8700F6DFC5;
					};
					D8FDFEE2229D3E8B00F6DFC5 = {
						CreatedOnToolsVersion = 10.1;
						TestTargetID = D8FDFEBF229D3E8700F6DFC5;
					};
				};
			};
			buildConfigurationList = D8FDFEBB229D3E8700F6DFC5 /* Build configuration list for PBXProject "RuntimeExample" */;
			compatibilityVersion = "Xcode 9.3";
			developmentRegion = en;
			hasScannedForEncodings = 0;
			knownRegions = (
				en,
				Base,
			);
			mainGroup = D8FDFEB7229D3E8700F6DFC5;
			productRefGroup = D8FDFEC1229D3E8800F6DFC5 /* Products */;
			projectDirPath = "";
			projectRoot = "";
			targets = (
				D8FDFEBF229D3E8700F6DFC5 /* RuntimeExample */,
				D8FDFED7229D3E8B00F6DFC5 /* RuntimeExampleTests */,
				D8FDFEE2229D3E8B00F6DFC5 /* RuntimeExampleUITests */,
			);
		};
/* End PBXProject section */

/* Begin PBXResourcesBuildPhase section */
		D8FDFEBE229D3E8700F6DFC5 /* Resources */ = {
			isa = PBXResourcesBuildPhase;
			buildActionMask = 2147483647;
			files = (
				D8FDFED0229D3E8B00F6DFC5 /* LaunchScreen.storyboard in Resources */,
				D8FDFECD229D3E8B00F6DFC5 /* Assets.xcassets in Resources */,
				D8FDFECB229D3E8800F6DFC5 /* Main.storyboard in Resources */,
			);
			runOnlyForDeploymentPostprocessing = 0;
		};
		D8FDFED6229D3E8B00F6DFC5 /* Resources */ = {
			isa = PBXResourcesBuildPhase;
			buildActionMask = 2147483647;
			files = (
			);
			runOnlyForDeploymentPostprocessing = 0;
		};
		D8FDFEE1229D3E8B00F6DFC5 /* Resources */ = {
			isa = PBXResourcesBuildPhase;
			buildActionMask = 2147483647;
			files = (
			);
			runOnlyForDeploymentPostprocessing = 0;
		};
/* End PBXResourcesBuildPhase section */

/* Begin PBXSourcesBuildPhase section */
		D8FDFEBC229D3E8700F6DFC5 /* Sources */ = {
			isa = PBXSourcesBuildPhase;
			buildActionMask = 2147483647;
			files = (
				D84DCDB0229E7A47002EC9EC /* MethodSwizzleController.m in Sources */,
				D84DCDB3229E7CED002EC9EC /* BaseViewController.m in Sources */,
				D84DCDA0229E71C6002EC9EC /* UIViewController+Track.m in Sources */,
				D84DCDA2229E71C6002EC9EC /* NSArray+Safe.m in Sources */,
				D8FDFEC8229D3E8800F6DFC5 /* ViewController.m in Sources */,
				D84DCDA1229E71C6002EC9EC /* NSMutableArray+Safe.m in Sources */,
				D8FDFED3229D3E8B00F6DFC5 /* main.m in Sources */,
				D8FDFEC5229D3E8800F6DFC5 /* AppDelegate.m in Sources */,
				D84DCDAD229E7A2E002EC9EC /* CategroyPropertyController.m in Sources */,
				D84DCDA9229E789B002EC9EC /* UIView+Title.m in Sources */,
			);
			runOnlyForDeploymentPostprocessing = 0;
		};
		D8FDFED4229D3E8B00F6DFC5 /* Sources */ = {
			isa = PBXSourcesBuildPhase;
			buildActionMask = 2147483647;
			files = (
				D8FDFEDD229D3E8B00F6DFC5 /* RuntimeExampleTests.m in Sources */,
			);
			runOnlyForDeploymentPostprocessing = 0;
		};
		D8FDFEDF229D3E8B00F6DFC5 /* Sources */ = {
			isa = PBXSourcesBuildPhase;
			buildActionMask = 2147483647;
			files = (
				D8FDFEE8229D3E8B00F6DFC5 /* RuntimeExampleUITests.m in Sources */,
			);
			runOnlyForDeploymentPostprocessing = 0;
		};
/* End PBXSourcesBuildPhase section */

/* Begin PBXTargetDependency section */
		D8FDFEDA229D3E8B00F6DFC5 /* PBXTargetDependency */ = {
			isa = PBXTargetDependency;
			target = D8FDFEBF229D3E8700F6DFC5 /* RuntimeExample */;
			targetProxy = D8FDFED9229D3E8B00F6DFC5 /* PBXContainerItemProxy */;
		};
		D8FDFEE5229D3E8B00F6DFC5 /* PBXTargetDependency */ = {
			isa = PBXTargetDependency;
			target = D8FDFEBF229D3E8700F6DFC5 /* RuntimeExample */;
			targetProxy = D8FDFEE4229D3E8B00F6DFC5 /* PBXContainerItemProxy */;
		};
/* End PBXTargetDependency section */

/* Begin PBXVariantGroup section */
		D8FDFEC9229D3E8800F6DFC5 /* Main.storyboard */ = {
			isa = PBXVariantGroup;
			children = (
				D8FDFECA229D3E8800F6DFC5 /* Base */,
			);
			name = Main.storyboard;
			sourceTree = "<group>";
		};
		D8FDFECE229D3E8B00F6DFC5 /* LaunchScreen.storyboard */ = {
			isa = PBXVariantGroup;
			children = (
				D8FDFECF229D3E8B00F6DFC5 /* Base */,
			);
			name = LaunchScreen.storyboard;
			sourceTree = "<group>";
		};
/* End PBXVariantGroup section */

/* Begin XCBuildConfiguration section */
		D8FDFEEA229D3E8B00F6DFC5 /* Debug */ = {
			isa = XCBuildConfiguration;
			buildSettings = {
				ALWAYS_SEARCH_USER_PATHS = NO;
				CLANG_ANALYZER_NONNULL = YES;
				CLANG_ANALYZER_NUMBER_OBJECT_CONVERSION = YES_AGGRESSIVE;
				CLANG_CXX_LANGUAGE_STANDARD = "gnu++14";
				CLANG_CXX_LIBRARY = "libc++";
				CLANG_ENABLE_MODULES = YES;
				CLANG_ENABLE_OBJC_ARC = YES;
				CLANG_ENABLE_OBJC_WEAK = YES;
				CLANG_WARN_BLOCK_CAPTURE_AUTORELEASING = YES;
				CLANG_WARN_BOOL_CONVERSION = YES;
				CLANG_WARN_COMMA = YES;
				CLANG_WARN_CONSTANT_CONVERSION = YES;
				CLANG_WARN_DEPRECATED_OBJC_IMPLEMENTATIONS = YES;
				CLANG_WARN_DIRECT_OBJC_ISA_USAGE = YES_ERROR;
				CLANG_WARN_DOCUMENTATION_COMMENTS = YES;
				CLANG_WARN_EMPTY_BODY = YES;
				CLANG_WARN_ENUM_CONVERSION = YES;
				CLANG_WARN_INFINITE_RECURSION = YES;
				CLANG_WARN_INT_CONVERSION = YES;
				CLANG_WARN_NON_LITERAL_NULL_CONVERSION = YES;
				CLANG_WARN_OBJC_IMPLICIT_RETAIN_SELF = YES;
				CLANG_WARN_OBJC_LITERAL_CONVERSION = YES;
				CLANG_WARN_OBJC_ROOT_CLASS = YES_ERROR;
				CLANG_WARN_RANGE_LOOP_ANALYSIS = YES;
				CLANG_WARN_STRICT_PROTOTYPES = YES;
				CLANG_WARN_SUSPICIOUS_MOVE = YES;
				CLANG_WARN_UNGUARDED_AVAILABILITY = YES_AGGRESSIVE;
				CLANG_WARN_UNREACHABLE_CODE = YES;
				CLANG_WARN__DUPLICATE_METHOD_MATCH = YES;
				CODE_SIGN_IDENTITY = "iPhone Developer";
				COPY_PHASE_STRIP = NO;
				DEBUG_INFORMATION_FORMAT = dwarf;
				ENABLE_STRICT_OBJC_MSGSEND = YES;
				ENABLE_TESTABILITY = YES;
				GCC_C_LANGUAGE_STANDARD = gnu11;
				GCC_DYNAMIC_NO_PIC = NO;
				GCC_NO_COMMON_BLOCKS = YES;
				GCC_OPTIMIZATION_LEVEL = 0;
				GCC_PREPROCESSOR_DEFINITIONS = (
					"DEBUG=1",
					"$(inherited)",
				);
				GCC_WARN_64_TO_32_BIT_CONVERSION = YES;
				GCC_WARN_ABOUT_RETURN_TYPE = YES_ERROR;
				GCC_WARN_UNDECLARED_SELECTOR = YES;
				GCC_WARN_UNINITIALIZED_AUTOS = YES_AGGRESSIVE;
				GCC_WARN_UNUSED_FUNCTION = YES;
				GCC_WARN_UNUSED_VARIABLE = YES;
				IPHONEOS_DEPLOYMENT_TARGET = 8.0;
				MTL_ENABLE_DEBUG_INFO = INCLUDE_SOURCE;
				MTL_FAST_MATH = YES;
				ONLY_ACTIVE_ARCH = YES;
				SDKROOT = iphoneos;
			};
			name = Debug;
		};
		D8FDFEEB229D3E8B00F6DFC5 /* Release */ = {
			isa = XCBuildConfiguration;
			buildSettings = {
				ALWAYS_SEARCH_USER_PATHS = NO;
				CLANG_ANALYZER_NONNULL = YES;
				CLANG_ANALYZER_NUMBER_OBJECT_CONVERSION = YES_AGGRESSIVE;
				CLANG_CXX_LANGUAGE_STANDARD = "gnu++14";
				CLANG_CXX_LIBRARY = "libc++";
				CLANG_ENABLE_MODULES = YES;
				CLANG_ENABLE_OBJC_ARC = YES;
				CLANG_ENABLE_OBJC_WEAK = YES;
				CLANG_WARN_BLOCK_CAPTURE_AUTORELEASING = YES;
				CLANG_WARN_BOOL_CONVERSION = YES;
				CLANG_WARN_COMMA = YES;
				CLANG_WARN_CONSTANT_CONVERSION = YES;
				CLANG_WARN_DEPRECATED_OBJC_IMPLEMENTATIONS = YES;
				CLANG_WARN_DIRECT_OBJC_ISA_USAGE = YES_ERROR;
				CLANG_WARN_DOCUMENTATION_COMMENTS = YES;
				CLANG_WARN_EMPTY_BODY = YES;
				CLANG_WARN_ENUM_CONVERSION = YES;
				CLANG_WARN_INFINITE_RECURSION = YES;
				CLANG_WARN_INT_CONVERSION = YES;
				CLANG_WARN_NON_LITERAL_NULL_CONVERSION = YES;
				CLANG_WARN_OBJC_IMPLICIT_RETAIN_SELF = YES;
				CLANG_WARN_OBJC_LITERAL_CONVERSION = YES;
				CLANG_WARN_OBJC_ROOT_CLASS = YES_ERROR;
				CLANG_WARN_RANGE_LOOP_ANALYSIS = YES;
				CLANG_WARN_STRICT_PROTOTYPES = YES;
				CLANG_WARN_SUSPICIOUS_MOVE = YES;
				CLANG_WARN_UNGUARDED_AVAILABILITY = YES_AGGRESSIVE;
				CLANG_WARN_UNREACHABLE_CODE = YES;
				CLANG_WARN__DUPLICATE_METHOD_MATCH = YES;
				CODE_SIGN_IDENTITY = "iPhone Developer";
				COPY_PHASE_STRIP = NO;
				DEBUG_INFORMATION_FORMAT = "dwarf-with-dsym";
				ENABLE_NS_ASSERTIONS = NO;
				ENABLE_STRICT_OBJC_MSGSEND = YES;
				GCC_C_LANGUAGE_STANDARD = gnu11;
				GCC_NO_COMMON_BLOCKS = YES;
				GCC_WARN_64_TO_32_BIT_CONVERSION = YES;
				GCC_WARN_ABOUT_RETURN_TYPE = YES_ERROR;
				GCC_WARN_UNDECLARED_SELECTOR = YES;
				GCC_WARN_UNINITIALIZED_AUTOS = YES_AGGRESSIVE;
				GCC_WARN_UNUSED_FUNCTION = YES;
				GCC_WARN_UNUSED_VARIABLE = YES;
				IPHONEOS_DEPLOYMENT_TARGET = 8.0;
				MTL_ENABLE_DEBUG_INFO = NO;
				MTL_FAST_MATH = YES;
				SDKROOT = iphoneos;
				VALIDATE_PRODUCT = YES;
			};
			name = Release;
		};
		D8FDFEED229D3E8B00F6DFC5 /* Debug */ = {
			isa = XCBuildConfiguration;
			buildSettings = {
				ASSETCATALOG_COMPILER_APPICON_NAME = AppIcon;
				CODE_SIGN_STYLE = Automatic;
				INFOPLIST_FILE = RuntimeExample/Info.plist;
				IPHONEOS_DEPLOYMENT_TARGET = 8.0;
				LD_RUNPATH_SEARCH_PATHS = (
					"$(inherited)",
					"@executable_path/Frameworks",
				);
				PRODUCT_BUNDLE_IDENTIFIER = com.runtimeExample.com;
				PRODUCT_NAME = "$(TARGET_NAME)";
				TARGETED_DEVICE_FAMILY = "1,2";
			};
			name = Debug;
		};
		D8FDFEEE229D3E8B00F6DFC5 /* Release */ = {
			isa = XCBuildConfiguration;
			buildSettings = {
				ASSETCATALOG_COMPILER_APPICON_NAME = AppIcon;
				CODE_SIGN_STYLE = Automatic;
				INFOPLIST_FILE = RuntimeExample/Info.plist;
				IPHONEOS_DEPLOYMENT_TARGET = 8.0;
				LD_RUNPATH_SEARCH_PATHS = (
					"$(inherited)",
					"@executable_path/Frameworks",
				);
				PRODUCT_BUNDLE_IDENTIFIER = com.runtimeExample.com;
				PRODUCT_NAME = "$(TARGET_NAME)";
				TARGETED_DEVICE_FAMILY = "1,2";
			};
			name = Release;
		};
		D8FDFEF0229D3E8B00F6DFC5 /* Debug */ = {
			isa = XCBuildConfiguration;
			buildSettings = {
				BUNDLE_LOADER = "$(TEST_HOST)";
				CODE_SIGN_STYLE = Automatic;
				INFOPLIST_FILE = RuntimeExampleTests/Info.plist;
				LD_RUNPATH_SEARCH_PATHS = (
					"$(inherited)",
					"@executable_path/Frameworks",
					"@loader_path/Frameworks",
				);
				PRODUCT_BUNDLE_IDENTIFIER = com.runtimeExample.com.RuntimeExampleTests;
				PRODUCT_NAME = "$(TARGET_NAME)";
				TARGETED_DEVICE_FAMILY = "1,2";
				TEST_HOST = "$(BUILT_PRODUCTS_DIR)/RuntimeExample.app/RuntimeExample";
			};
			name = Debug;
		};
		D8FDFEF1229D3E8B00F6DFC5 /* Release */ = {
			isa = XCBuildConfiguration;
			buildSettings = {
				BUNDLE_LOADER = "$(TEST_HOST)";
				CODE_SIGN_STYLE = Automatic;
				INFOPLIST_FILE = RuntimeExampleTests/Info.plist;
				LD_RUNPATH_SEARCH_PATHS = (
					"$(inherited)",
					"@executable_path/Frameworks",
					"@loader_path/Frameworks",
				);
				PRODUCT_BUNDLE_IDENTIFIER = com.runtimeExample.com.RuntimeExampleTests;
				PRODUCT_NAME = "$(TARGET_NAME)";
				TARGETED_DEVICE_FAMILY = "1,2";
				TEST_HOST = "$(BUILT_PRODUCTS_DIR)/RuntimeExample.app/RuntimeExample";
			};
			name = Release;
		};
		D8FDFEF3229D3E8B00F6DFC5 /* Debug */ = {
			isa = XCBuildConfiguration;
			buildSettings = {
				CODE_SIGN_STYLE = Automatic;
				INFOPLIST_FILE = RuntimeExampleUITests/Info.plist;
				LD_RUNPATH_SEARCH_PATHS = (
					"$(inherited)",
					"@executable_path/Frameworks",
					"@loader_path/Frameworks",
				);
				PRODUCT_BUNDLE_IDENTIFIER = com.runtimeExample.com.RuntimeExampleUITests;
				PRODUCT_NAME = "$(TARGET_NAME)";
				TARGETED_DEVICE_FAMILY = "1,2";
				TEST_TARGET_NAME = RuntimeExample;
			};
			name = Debug;
		};
		D8FDFEF4229D3E8B00F6DFC5 /* Release */ = {
			isa = XCBuildConfiguration;
			buildSettings = {
				CODE_SIGN_STYLE = Automatic;
				INFOPLIST_FILE = RuntimeExampleUITests/Info.plist;
				LD_RUNPATH_SEARCH_PATHS = (
					"$(inherited)",
					"@executable_path/Frameworks",
					"@loader_path/Frameworks",
				);
				PRODUCT_BUNDLE_IDENTIFIER = com.runtimeExample.com.RuntimeExampleUITests;
				PRODUCT_NAME = "$(TARGET_NAME)";
				TARGETED_DEVICE_FAMILY = "1,2";
				TEST_TARGET_NAME = RuntimeExample;
			};
			name = Release;
		};
/* End XCBuildConfiguration section */

/* Begin XCConfigurationList section */
		D8FDFEBB229D3E8700F6DFC5 /* Build configuration list for PBXProject "RuntimeExample" */ = {
			isa = XCConfigurationList;
			buildConfigurations = (
				D8FDFEEA229D3E8B00F6DFC5 /* Debug */,
				D8FDFEEB229D3E8B00F6DFC5 /* Release */,
			);
			defaultConfigurationIsVisible = 0;
			defaultConfigurationName = Release;
		};
		D8FDFEEC229D3E8B00F6DFC5 /* Build configuration list for PBXNativeTarget "RuntimeExample" */ = {
			isa = XCConfigurationList;
			buildConfigurations = (
				D8FDFEED229D3E8B00F6DFC5 /* Debug */,
				D8FDFEEE229D3E8B00F6DFC5 /* Release */,
			);
			defaultConfigurationIsVisible = 0;
			defaultConfigurationName = Release;
		};
		D8FDFEEF229D3E8B00F6DFC5 /* Build configuration list for PBXNativeTarget "RuntimeExampleTests" */ = {
			isa = XCConfigurationList;
			buildConfigurations = (
				D8FDFEF0229D3E8B00F6DFC5 /* Debug */,
				D8FDFEF1229D3E8B00F6DFC5 /* Release */,
			);
			defaultConfigurationIsVisible = 0;
			defaultConfigurationName = Release;
		};
		D8FDFEF2229D3E8B00F6DFC5 /* Build configuration list for PBXNativeTarget "RuntimeExampleUITests" */ = {
			isa = XCConfigurationList;
			buildConfigurations = (
				D8FDFEF3229D3E8B00F6DFC5 /* Debug */,
				D8FDFEF4229D3E8B00F6DFC5 /* Release */,
			);
			defaultConfigurationIsVisible = 0;
			defaultConfigurationName = Release;
		};
/* End XCConfigurationList section */
	};
	rootObject = D8FDFEB8229D3E8700F6DFC5 /* Project object */;
}
